
Microsoft Visual Studio Solution File, Format Version 12.00
# Visual Studio Version 16
VisualStudioVersion = 16.0.30128.74
MinimumVisualStudioVersion = 10.0.40219.1
Project("{FAE04EC0-301F-11D3-BF4B-00C04F79EFBC}") = "Restaurante.UWP", "Restaurante.UWP\Restaurante.UWP.csproj", "{A8FD0024-F95D-4EC3-A80F-E310779B297F}"
EndProject
Project("{FAE04EC0-301F-11D3-BF4B-00C04F79EFBC}") = "Restaurante.Android", "Restaurante.Android\Restaurante.Android.csproj", "{8BAE95C8-51D7-480B-9185-FE395C048556}"
EndProject
Project("{FAE04EC0-301F-11D3-BF4B-00C04F79EFBC}") = "Restaurante.iOS", "Restaurante.iOS\Restaurante.iOS.csproj", "{676B27DD-E407-47AB-9629-A739486DB310}"
EndProject
Project("{FAE04EC0-301F-11D3-BF4B-00C04F79EFBC}") = "Restaurante", "Restaurante\Restaurante.csproj", "{35FD7394-263C-40CD-81AE-338C47CE9755}"
EndProject
Global
	GlobalSection(SolutionConfigurationPlatforms) = preSolution
		Debug|Any CPU = Debug|Any CPU
		Debug|ARM = Debug|ARM
		Debug|iPhone = Debug|iPhone
		Debug|iPhoneSimulator = Debug|iPhoneSimulator
		Debug|x64 = Debug|x64
		Debug|x86 = Debug|x86
		Release|Any CPU = Release|Any CPU
		Release|ARM = Release|ARM
		Release|iPhone = Release|iPhone
		Release|iPhoneSimulator = Release|iPhoneSimulator
		Release|x64 = Release|x64
		Release|x86 = Release|x86
	EndGlobalSection
	GlobalSection(ProjectConfigurationPlatforms) = postSolution
		{A8FD0024-F95D-4EC3-A80F-E310779B297F}.Debug|Any CPU.ActiveCfg = Debug|x86
		{A8FD0024-F95D-4EC3-A80F-E310779B297F}.Debug|Any CPU.Build.0 = Debug|x86
		{A8FD0024-F95D-4EC3-A80F-E310779B297F}.Debug|Any CPU.Deploy.0 = Debug|x86
		{A8FD0024-F95D-4EC3-A80F-E310779B297F}.Debug|ARM.ActiveCfg = Debug|ARM
		{A8FD0024-F95D-4EC3-A80F-E310779B297F}.Debug|ARM.Build.0 = Debug|ARM
		{A8FD0024-F95D-4EC3-A80F-E310779B297F}.Debug|ARM.Deploy.0 = Debug|ARM
		{A8FD0024-F95D-4EC3-A80F-E310779B297F}.Debug|iPhone.ActiveCfg = Debug|x86
		{A8FD0024-F95D-4EC3-A80F-E310779B297F}.Debug|iPhone.Build.0 = Debug|x86
		{A8FD0024-F95D-4EC3-A80F-E310779B297F}.Debug|iPhone.Deploy.0 = Debug|x86
		{A8FD0024-F95D-4EC3-A80F-E310779B297F}.Debug|iPhoneSimulator.ActiveCfg = Debug|x86
		{A8FD0024-F95D-4EC3-A80F-E310779B297F}.Debug|iPhoneSimulator.Build.0 = Debug|x86
		{A8FD0024-F95D-4EC3-A80F-E310779B297F}.Debug|iPhoneSimulator.Deploy.0 = Debug|x86
		{A8FD0024-F95D-4EC3-A80F-E310779B297F}.Debug|x64.ActiveCfg = Debug|x64
		{A8FD0024-F95D-4EC3-A80F-E310779B297F}.Debug|x64.Build.0 = Debug|x64
		{A8FD0024-F95D-4EC3-A80F-E310779B297F}.Debug|x64.Deploy.0 = Debug|x64
		{A8FD0024-F95D-4EC3-A80F-E310779B297F}.Debug|x86.ActiveCfg = Debug|x86
		{A8FD0024-F95D-4EC3-A80F-E310779B297F}.Debug|x86.Build.0 = Debug|x86
		{A8FD0024-F95D-4EC3-A80F-E310779B297F}.Debug|x86.Deploy.0 = Debug|x86
		{A8FD0024-F95D-4EC3-A80F-E310779B297F}.Release|Any CPU.ActiveCfg = Release|x86
		{A8FD0024-F95D-4EC3-A80F-E310779B297F}.Release|Any CPU.Build.0 = Release|x86
		{A8FD0024-F95D-4EC3-A80F-E310779B297F}.Release|Any CPU.Deploy.0 = Release|x86
		{A8FD0024-F95D-4EC3-A80F-E310779B297F}.Release|ARM.ActiveCfg = Release|ARM
		{A8FD0024-F95D-4EC3-A80F-E310779B297F}.Release|ARM.Build.0 = Release|ARM
		{A8FD0024-F95D-4EC3-A80F-E310779B297F}.Release|ARM.Deploy.0 = Release|ARM
		{A8FD0024-F95D-4EC3-A80F-E310779B297F}.Release|iPhone.ActiveCfg = Release|x86
		{A8FD0024-F95D-4EC3-A80F-E310779B297F}.Release|iPhone.Build.0 = Release|x86
		{A8FD0024-F95D-4EC3-A80F-E310779B297F}.Release|iPhone.Deploy.0 = Release|x86
		{A8FD0024-F95D-4EC3-A80F-E310779B297F}.Release|iPhoneSimulator.ActiveCfg = Release|x86
		{A8FD0024-F95D-4EC3-A80F-E310779B297F}.Release|iPhoneSimulator.Build.0 = Release|x86
		{A8FD0024-F95D-4EC3-A80F-E310779B297F}.Release|iPhoneSimulator.Deploy.0 = Release|x86
		{A8FD0024-F95D-4EC3-A80F-E310779B297F}.Release|x64.ActiveCfg = Release|x64
		{A8FD0024-F95D-4EC3-A80F-E310779B297F}.Release|x64.Build.0 = Release|x64
		{A8FD0024-F95D-4EC3-A80F-E310779B297F}.Release|x64.Deploy.0 = Release|x64
		{A8FD0024-F95D-4EC3-A80F-E310779B297F}.Release|x86.ActiveCfg = Release|x86
		{A8FD0024-F95D-4EC3-A80F-E310779B297F}.Release|x86.Build.0 = Release|x86
		{A8FD0024-F95D-4EC3-A80F-E310779B297F}.Release|x86.Deploy.0 = Release|x86
		{8BAE95C8-51D7-480B-9185-FE395C048556}.Debug|Any CPU.ActiveCfg = Debug|Any CPU
		{8BAE95C8-51D7-480B-9185-FE395C048556}.Debug|Any CPU.Build.0 = Debug|Any CPU
		{8BAE95C8-51D7-480B-9185-FE395C048556}.Debug|Any CPU.Deploy.0 = Debug|Any CPU
		{8BAE95C8-51D7-480B-9185-FE395C048556}.Debug|ARM.ActiveCfg = Debug|Any CPU
		{8BAE95C8-51D7-480B-9185-FE395C048556}.Debug|ARM.Build.0 = Debug|Any CPU
		{8BAE95C8-51D7-480B-9185-FE395C048556}.Debug|ARM.Deploy.0 = Debug|Any CPU
		{8BAE95C8-51D7-480B-9185-FE395C048556}.Debug|iPhone.ActiveCfg = Debug|Any CPU
		{8BAE95C8-51D7-480B-9185-FE395C048556}.Debug|iPhone.Build.0 = Debug|Any CPU
		{8BAE95C8-51D7-480B-9185-FE395C048556}.Debug|iPhone.Deploy.0 = Debug|Any CPU
		{8BAE95C8-51D7-480B-9185-FE395C048556}.Debug|iPhoneSimulator.ActiveCfg = Debug|Any CPU
		{8BAE95C8-51D7-480B-9185-FE395C048556}.Debug|iPhoneSimulator.Build.0 = Debug|Any CPU
		{8BAE95C8-51D7-480B-9185-FE395C048556}.Debug|iPhoneSimulator.Deploy.0 = Debug|Any CPU
		{8BAE95C8-51D7-480B-9185-FE395C048556}.Debug|x64.ActiveCfg = Debug|Any CPU
		{8BAE95C8-51D7-480B-9185-FE395C048556}.Debug|x64.Build.0 = Debug|Any CPU
		{8BAE95C8-51D7-480B-9185-FE395C048556}.Debug|x64.Deploy.0 = Debug|Any CPU
		{8BAE95C8-51D7-480B-9185-FE395C048556}.Debug|x86.ActiveCfg = Debug|Any CPU
		{8BAE95C8-51D7-480B-9185-FE395C048556}.Debug|x86.Build.0 = Debug|Any CPU
		{8BAE95C8-51D7-480B-9185-FE395C048556}.Debug|x86.Deploy.0 = Debug|Any CPU
		{8BAE95C8-51D7-480B-9185-FE395C048556}.Release|Any CPU.ActiveCfg = Release|Any CPU
		{8BAE95C8-51D7-480B-9185-FE395C048556}.Release|Any CPU.Build.0 = Release|Any CPU
		{8BAE95C8-51D7-480B-9185-FE395C048556}.Release|Any CPU.Deploy.0 = Release|Any CPU
		{8BAE95C8-51D7-480B-9185-FE395C048556}.Release|ARM.ActiveCfg = Release|Any CPU
		{8BAE95C8-51D7-480B-9185-FE395C048556}.Release|ARM.Build.0 = Release|Any CPU
		{8BAE95C8-51D7-480B-9185-FE395C048556}.Release|ARM.Deploy.0 = Release|Any CPU
		{8BAE95C8-51D7-480B-9185-FE395C048556}.Release|iPhone.ActiveCfg = Release|Any CPU
		{8BAE95C8-51D7-480B-9185-FE395C048556}.Release|iPhone.Build.0 = Release|Any CPU
		{8BAE95C8-51D7-480B-9185-FE395C048556}.Release|iPhone.Deploy.0 = Release|Any CPU
		{8BAE95C8-51D7-480B-9185-FE395C048556}.Release|iPhoneSimulator.ActiveCfg = Release|Any CPU
		{8BAE95C8-51D7-480B-9185-FE395C048556}.Release|iPhoneSimulator.Build.0 = Release|Any CPU
		{8BAE95C8-51D7-480B-9185-FE395C048556}.Release|iPhoneSimulator.Deploy.0 = Release|Any CPU
		{8BAE95C8-51D7-480B-9185-FE395C048556}.Release|x64.ActiveCfg = Release|Any CPU
		{8BAE95C8-51D7-480B-9185-FE395C048556}.Release|x64.Build.0 = Release|Any CPU
		{8BAE95C8-51D7-480B-9185-FE395C048556}.Release|x64.Deploy.0 = Release|Any CPU
		{8BAE95C8-51D7-480B-9185-FE395C048556}.Release|x86.ActiveCfg = Release|Any CPU
		{8BAE95C8-51D7-480B-9185-FE395C048556}.Release|x86.Build.0 = Release|Any CPU
		{8BAE95C8-51D7-480B-9185-FE395C048556}.Release|x86.Deploy.0 = Release|Any CPU
		{676B27DD-E407-47AB-9629-A739486DB310}.Debug|Any CPU.ActiveCfg = Debug|iPhone
		{676B27DD-E407-47AB-9629-A739486DB310}.Debug|Any CPU.Build.0 = Debug|iPhone
		{676B27DD-E407-47AB-9629-A739486DB310}.Debug|Any CPU.Deploy.0 = Debug|iPhone
		{676B27DD-E407-47AB-9629-A739486DB310}.Debug|ARM.ActiveCfg = Debug|iPhone
		{676B27DD-E407-47AB-9629-A739486DB310}.Debug|ARM.Build.0 = Debug|iPhone
		{676B27DD-E407-47AB-9629-A739486DB310}.Debug|ARM.Deploy.0 = Debug|iPhone
		{676B27DD-E407-47AB-9629-A739486DB310}.Debug|iPhone.ActiveCfg = Debug|iPhone
		{676B27DD-E407-47AB-9629-A739486DB310}.Debug|iPhone.Build.0 = Debug|iPhone
		{676B27DD-E407-47AB-9629-A739486DB310}.Debug|iPhone.Deploy.0 = Debug|iPhone
		{676B27DD-E407-47AB-9629-A739486DB310}.Debug|iPhoneSimulator.ActiveCfg = Debug|iPhoneSimulator
		{676B27DD-E407-47AB-9629-A739486DB310}.Debug|iPhoneSimulator.Build.0 = Debug|iPhoneSimulator
		{676B27DD-E407-47AB-9629-A739486DB310}.Debug|iPhoneSimulator.Deploy.0 = Debug|iPhoneSimulator
		{676B27DD-E407-47AB-9629-A739486DB310}.Debug|x64.ActiveCfg = Debug|iPhone
		{676B27DD-E407-47AB-9629-A739486DB310}.Debug|x64.Build.0 = Debug|iPhone
		{676B27DD-E407-47AB-9629-A739486DB310}.Debug|x64.Deploy.0 = Debug|iPhone
		{676B27DD-E407-47AB-9629-A739486DB310}.Debug|x86.ActiveCfg = Debug|iPhone
		{676B27DD-E407-47AB-9629-A739486DB310}.Debug|x86.Build.0 = Debug|iPhone
		{676B27DD-E407-47AB-9629-A739486DB310}.Debug|x86.Deploy.0 = Debug|iPhone
		{676B27DD-E407-47AB-9629-A739486DB310}.Release|Any CPU.ActiveCfg = Release|iPhone
		{676B27DD-E407-47AB-9629-A739486DB310}.Release|Any CPU.Build.0 = Release|iPhone
		{676B27DD-E407-47AB-9629-A739486DB310}.Release|Any CPU.Deploy.0 = Release|iPhone
		{676B27DD-E407-47AB-9629-A739486DB310}.Release|ARM.ActiveCfg = Release|iPhone
		{676B27DD-E407-47AB-9629-A739486DB310}.Release|ARM.Build.0 = Release|iPhone
		{676B27DD-E407-47AB-9629-A739486DB310}.Release|ARM.Deploy.0 = Release|iPhone
		{676B27DD-E407-47AB-9629-A739486DB310}.Release|iPhone.ActiveCfg = Release|iPhone
		{676B27DD-E407-47AB-9629-A739486DB310}.Release|iPhone.Build.0 = Release|iPhone
		{676B27DD-E407-47AB-9629-A739486DB310}.Release|iPhone.Deploy.0 = Release|iPhone
		{676B27DD-E407-47AB-9629-A739486DB310}.Release|iPhoneSimulator.ActiveCfg = Release|iPhoneSimulator
		{676B27DD-E407-47AB-9629-A739486DB310}.Release|iPhoneSimulator.Build.0 = Release|iPhoneSimulator
		{676B27DD-E407-47AB-9629-A739486DB310}.Release|iPhoneSimulator.Deploy.0 = Release|iPhoneSimulator
		{676B27DD-E407-47AB-9629-A739486DB310}.Release|x64.ActiveCfg = Release|iPhone
		{676B27DD-E407-47AB-9629-A739486DB310}.Release|x64.Build.0 = Release|iPhone
		{676B27DD-E407-47AB-9629-A739486DB310}.Release|x64.Deploy.0 = Release|iPhone
		{676B27DD-E407-47AB-9629-A739486DB310}.Release|x86.ActiveCfg = Release|iPhone
		{676B27DD-E407-47AB-9629-A739486DB310}.Release|x86.Build.0 = Release|iPhone
		{676B27DD-E407-47AB-9629-A739486DB310}.Release|x86.Deploy.0 = Release|iPhone
		{35FD7394-263C-40CD-81AE-338C47CE9755}.Debug|Any CPU.ActiveCfg = Debug|Any CPU
		{35FD7394-263C-40CD-81AE-338C47CE9755}.Debug|Any CPU.Build.0 = Debug|Any CPU
		{35FD7394-263C-40CD-81AE-338C47CE9755}.Debug|Any CPU.Deploy.0 = Debug|Any CPU
		{35FD7394-263C-40CD-81AE-338C47CE9755}.Debug|ARM.ActiveCfg = Debug|Any CPU
		{35FD7394-263C-40CD-81AE-338C47CE9755}.Debug|ARM.Build.0 = Debug|Any CPU
		{35FD7394-263C-40CD-81AE-338C47CE9755}.Debug|ARM.Deploy.0 = Debug|Any CPU
		{35FD7394-263C-40CD-81AE-338C47CE9755}.Debug|iPhone.ActiveCfg = Debug|Any CPU
		{35FD7394-263C-40CD-81AE-338C47CE9755}.Debug|iPhone.Build.0 = Debug|Any CPU
		{35FD7394-263C-40CD-81AE-338C47CE9755}.Debug|iPhone.Deploy.0 = Debug|Any CPU
		{35FD7394-263C-40CD-81AE-338C47CE9755}.Debug|iPhoneSimulator.ActiveCfg = Debug|Any CPU
		{35FD7394-263C-40CD-81AE-338C47CE9755}.Debug|iPhoneSimulator.Build.0 = Debug|Any CPU
		{35FD7394-263C-40CD-81AE-338C47CE9755}.Debug|iPhoneSimulator.Deploy.0 = Debug|Any CPU
		{35FD7394-263C-40CD-81AE-338C47CE9755}.Debug|x64.ActiveCfg = Debug|Any CPU
		{35FD7394-263C-40CD-81AE-338C47CE9755}.Debug|x64.Build.0 = Debug|Any CPU
		{35FD7394-263C-40CD-81AE-338C47CE9755}.Debug|x64.Deploy.0 = Debug|Any CPU
		{35FD7394-263C-40CD-81AE-338C47CE9755}.Debug|x86.ActiveCfg = Debug|Any CPU
		{35FD7394-263C-40CD-81AE-338C47CE9755}.Debug|x86.Build.0 = Debug|Any CPU
		{35FD7394-263C-40CD-81AE-338C47CE9755}.Debug|x86.Deploy.0 = Debug|Any CPU
		{35FD7394-263C-40CD-81AE-338C47CE9755}.Release|Any CPU.ActiveCfg = Release|Any CPU
		{35FD7394-263C-40CD-81AE-338C47CE9755}.Release|Any CPU.Build.0 = Release|Any CPU
		{35FD7394-263C-40CD-81AE-338C47CE9755}.Release|Any CPU.Deploy.0 = Release|Any CPU
		{35FD7394-263C-40CD-81AE-338C47CE9755}.Release|ARM.ActiveCfg = Release|Any CPU
		{35FD7394-263C-40CD-81AE-338C47CE9755}.Release|ARM.Build.0 = Release|Any CPU
		{35FD7394-263C-40CD-81AE-338C47CE9755}.Release|ARM.Deploy.0 = Release|Any CPU
		{35FD7394-263C-40CD-81AE-338C47CE9755}.Release|iPhone.ActiveCfg = Release|Any CPU
		{35FD7394-263C-40CD-81AE-338C47CE9755}.Release|iPhone.Build.0 = Release|Any CPU
		{35FD7394-263C-40CD-81AE-338C47CE9755}.Release|iPhone.Deploy.0 = Release|Any CPU
		{35FD7394-263C-40CD-81AE-338C47CE9755}.Release|iPhoneSimulator.ActiveCfg = Release|Any CPU
		{35FD7394-263C-40CD-81AE-338C47CE9755}.Release|iPhoneSimulator.Build.0 = Release|Any CPU
		{35FD7394-263C-40CD-81AE-338C47CE9755}.Release|iPhoneSimulator.Deploy.0 = Release|Any CPU
		{35FD7394-263C-40CD-81AE-338C47CE9755}.Release|x64.ActiveCfg = Release|Any CPU
		{35FD7394-263C-40CD-81AE-338C47CE9755}.Release|x64.Build.0 = Release|Any CPU
		{35FD7394-263C-40CD-81AE-338C47CE9755}.Release|x64.Deploy.0 = Release|Any CPU
		{35FD7394-263C-40CD-81AE-338C47CE9755}.Release|x86.ActiveCfg = Release|Any CPU
		{35FD7394-263C-40CD-81AE-338C47CE9755}.Release|x86.Build.0 = Release|Any CPU
		{35FD7394-263C-40CD-81AE-338C47CE9755}.Release|x86.Deploy.0 = Release|Any CPU
	EndGlobalSection
	GlobalSection(SolutionProperties) = preSolution
		HideSolutionNode = FALSE
	EndGlobalSection
	GlobalSection(ExtensibilityGlobals) = postSolution
		SolutionGuid = {0DBBB320-2805-40C3-B427-1F05A7B269EC}
	EndGlobalSection
EndGlobal
